{
  "name": "scripts/check-dependencies",
  "lockfileVersion": 3,
  "requires": true,
  "packages": {
    "": {
      "name": "scripts/check-dependencies",
      "devDependencies": {
        "updates": "^17.16.13"
      }
    },
    "node_modules/updates": {
      "version": "17.16.13",
      "resolved": "https://registry.npmjs.org/updates/-/updates-17.16.13.tgz",
      "integrity": "sha512-Od8Ea50dJZWp3dKnibQSQ08Wp1Z3qhn3i0zMBOB47qPltSlGjZFVDR+XjfSEzQIE/Grp2z8OQ/G4YuNiH3X8xA==",
      "dev": true,
      "license": "BSD-2-Clause",
      "bin": {
        "updates": "dist/index.js"
      },
      "engines": {
        "bun": "*",
        "node": ">=22"
      }
    }
  }
}
