{
  "name": "scripts/check-dependencies",
  "lockfileVersion": 3,
  "requires": true,
  "packages": {
    "": {
      "name": "scripts/check-dependencies",
      "devDependencies": {
        "updates": "^17.16.8"
      }
    },
    "node_modules/updates": {
      "version": "17.16.8",
      "resolved": "https://registry.npmjs.org/updates/-/updates-17.16.8.tgz",
      "integrity": "sha512-hsH1TFGcc7pajXQKcAZprdbz5ZtGnI2fX/sdCK53Gus7G5fLGIwTC76+h4Qdm+FBUSmvPiL+0FPtYR5n0URI7A==",
      "dev": true,
      "license": "BSD-2-Clause",
      "bin": {
        "updates": "dist/index.js"
      },
      "engines": {
        "bun": "*",
        "node": ">=22"
      }
    }
  }
}
