{
  "name": "scripts/check-dependencies",
  "lockfileVersion": 3,
  "requires": true,
  "packages": {
    "": {
      "name": "scripts/check-dependencies",
      "devDependencies": {
        "updates": "^17.16.9"
      }
    },
    "node_modules/updates": {
      "version": "17.16.9",
      "resolved": "https://registry.npmjs.org/updates/-/updates-17.16.9.tgz",
      "integrity": "sha512-fH8FlkdS3afc1pnI3KUBnLrixHg4iaRBSL0J2FK8C1BXZTufqJEj4S1HhshugsHouth2lB3lOYYU5rIGbfHx5g==",
      "dev": true,
      "license": "BSD-2-Clause",
      "bin": {
        "updates": "dist/index.js"
      },
      "engines": {
        "bun": "*",
        "node": ">=22"
      }
    }
  }
}
